
Microsoft Visual Studio Solution File, Format Version 11.00
# Visual Studio 2010
Project("{FAE04EC0-301F-11D3-BF4B-00C04F79EFBC}") = "SmartDevelop", "SmartDevelop\SmartDevelop.csproj", "{902C07A8-454A-45AC-91CE-C4736C3A49DC}"
EndProject
Project("{2150E333-8FDC-42A3-9474-1A3956D46DE8}") = "Lib", "Lib", "{8FFA24ED-9875-4EDC-9969-39CDF6BD4256}"
EndProject
Project("{2150E333-8FDC-42A3-9474-1A3956D46DE8}") = "AvalonEdit", "AvalonEdit", "{FF690B2A-6759-4FEE-87CD-FA9C8FCE49A5}"
EndProject
Project("{FAE04EC0-301F-11D3-BF4B-00C04F79EFBC}") = "ICSharpCode.AvalonEdit", "Lib\AvalonEdit\ICSharpCode.AvalonEdit\ICSharpCode.AvalonEdit.csproj", "{6C55B776-26D4-4DB3-A6AB-87E783B2F3D1}"
EndProject
Project("{FAE04EC0-301F-11D3-BF4B-00C04F79EFBC}") = "SmartDevelop.ViewModel", "SmartDevelop.ViewModel\SmartDevelop.ViewModel.csproj", "{F658A346-3514-4D78-8CC0-12B99AD3ED5B}"
EndProject
Project("{FAE04EC0-301F-11D3-BF4B-00C04F79EFBC}") = "SmartDevelop.Model", "SmartDevelop.Model\SmartDevelop.Model.csproj", "{9F35A6BC-F9FA-46DD-9D1E-36EC665215EA}"
EndProject
Project("{2150E333-8FDC-42A3-9474-1A3956D46DE8}") = "WPFCommon", "WPFCommon", "{BCE2429C-31EB-4186-A73C-FA31489E8202}"
EndProject
Project("{FAE04EC0-301F-11D3-BF4B-00C04F79EFBC}") = "WPFCommon", "Lib\WPFCommon\WPFCommon.csproj", "{92687E6D-D903-4EFB-80B1-E38C1D07663E}"
EndProject
Project("{FAE04EC0-301F-11D3-BF4B-00C04F79EFBC}") = "SmartDevelop.TokenizerBase", "SmartDevelop.TokenizerBase\SmartDevelop.TokenizerBase.csproj", "{DFACD34A-B3D0-4C45-BE90-ABBFF75979C9}"
EndProject
Project("{FAE04EC0-301F-11D3-BF4B-00C04F79EFBC}") = "SmartDevelop.View", "SmartDevelop.View\SmartDevelop.View.csproj", "{F4EDAA4B-E8B9-4520-A76F-C70551197218}"
EndProject
Project("{FAE04EC0-301F-11D3-BF4B-00C04F79EFBC}") = "WPFUserControls", "Lib\WPFUserControls\WPFUserControls.csproj", "{6E029912-02FE-42C3-BE64-34DF20674131}"
EndProject
Project("{2150E333-8FDC-42A3-9474-1A3956D46DE8}") = "Tests", "Tests", "{F20F8A0B-B54D-4CD7-BFE3-B5B2C4E87221}"
EndProject
Project("{FAE04EC0-301F-11D3-BF4B-00C04F79EFBC}") = "SmartDevelop.Tests", "SmartDevelop.Tests\SmartDevelop.Tests.csproj", "{EC1F3A25-6AAA-43DF-BA7F-540133C0258A}"
EndProject
Project("{2150E333-8FDC-42A3-9474-1A3956D46DE8}") = "Archimedes", "Archimedes", "{E2C4B43B-BCCF-4304-AB71-0094090398E2}"
EndProject
Project("{FAE04EC0-301F-11D3-BF4B-00C04F79EFBC}") = "Archimedes.Patterns", "..\..\Archimedes\Archimedes.Patterns\Archimedes.Patterns.csproj", "{5C5031E6-C6A4-4D8F-A473-CDB08DB8E282}"
EndProject
Project("{FAE04EC0-301F-11D3-BF4B-00C04F79EFBC}") = "Archimedes.Patterns.WPF", "..\..\Archimedes\Archimedes.Patterns.WPF\Archimedes.Patterns.WPF.csproj", "{59FAD24F-15FE-4A5F-B5DE-0E8ADBDF14D7}"
EndProject
Project("{FAE04EC0-301F-11D3-BF4B-00C04F79EFBC}") = "Archimedes.Services.WPF", "..\..\Archimedes\Archimedes.Patterns.Services.WPF\Archimedes.Services.WPF.csproj", "{EA929451-8342-492C-8C16-6E4B15355E7C}"
EndProject
Project("{FAE04EC0-301F-11D3-BF4B-00C04F79EFBC}") = "AvalonDock", "..\..\Archimedes\AvalonDock\AvalonDock\AvalonDock.csproj", "{87E61430-4243-45F2-B74E-0A4C096CEBF3}"
EndProject
Project("{FAE04EC0-301F-11D3-BF4B-00C04F79EFBC}") = "AvalonDock.Themes", "..\..\Archimedes\AvalonDock\AvalonDock.Themes\AvalonDock.Themes.csproj", "{3836F4A8-4B35-4F5E-BB0F-DAD374297525}"
EndProject
Project("{FAE04EC0-301F-11D3-BF4B-00C04F79EFBC}") = "WPF.Themes", "..\..\WPFThemes\WPF.Themes\WPF.Themes.csproj", "{CD3CD636-D63E-4BD5-9FE9-2B63DA6F0616}"
EndProject
Project("{FAE04EC0-301F-11D3-BF4B-00C04F79EFBC}") = "SmartDevelop.CodeDOM.Tests", "SmartDevelop.CodeDOM.Tests\SmartDevelop.CodeDOM.Tests.csproj", "{BD6BBDD3-6D8D-47B5-8828-B9F38174FD0D}"
EndProject
Global
	GlobalSection(SolutionConfigurationPlatforms) = preSolution
		Debug|Any CPU = Debug|Any CPU
		Debug|Mixed Platforms = Debug|Mixed Platforms
		Debug|x86 = Debug|x86
		Release|Any CPU = Release|Any CPU
		Release|Mixed Platforms = Release|Mixed Platforms
		Release|x86 = Release|x86
	EndGlobalSection
	GlobalSection(ProjectConfigurationPlatforms) = postSolution
		{902C07A8-454A-45AC-91CE-C4736C3A49DC}.Debug|Any CPU.ActiveCfg = Debug|x86
		{902C07A8-454A-45AC-91CE-C4736C3A49DC}.Debug|Mixed Platforms.ActiveCfg = Debug|x86
		{902C07A8-454A-45AC-91CE-C4736C3A49DC}.Debug|Mixed Platforms.Build.0 = Debug|x86
		{902C07A8-454A-45AC-91CE-C4736C3A49DC}.Debug|x86.ActiveCfg = Debug|x86
		{902C07A8-454A-45AC-91CE-C4736C3A49DC}.Debug|x86.Build.0 = Debug|x86
		{902C07A8-454A-45AC-91CE-C4736C3A49DC}.Release|Any CPU.ActiveCfg = Release|x86
		{902C07A8-454A-45AC-91CE-C4736C3A49DC}.Release|Mixed Platforms.ActiveCfg = Release|x86
		{902C07A8-454A-45AC-91CE-C4736C3A49DC}.Release|Mixed Platforms.Build.0 = Release|x86
		{902C07A8-454A-45AC-91CE-C4736C3A49DC}.Release|x86.ActiveCfg = Release|x86
		{902C07A8-454A-45AC-91CE-C4736C3A49DC}.Release|x86.Build.0 = Release|x86
		{6C55B776-26D4-4DB3-A6AB-87E783B2F3D1}.Debug|Any CPU.ActiveCfg = Debug|Any CPU
		{6C55B776-26D4-4DB3-A6AB-87E783B2F3D1}.Debug|Any CPU.Build.0 = Debug|Any CPU
		{6C55B776-26D4-4DB3-A6AB-87E783B2F3D1}.Debug|Mixed Platforms.ActiveCfg = Debug|Any CPU
		{6C55B776-26D4-4DB3-A6AB-87E783B2F3D1}.Debug|Mixed Platforms.Build.0 = Debug|Any CPU
		{6C55B776-26D4-4DB3-A6AB-87E783B2F3D1}.Debug|x86.ActiveCfg = Debug|Any CPU
		{6C55B776-26D4-4DB3-A6AB-87E783B2F3D1}.Release|Any CPU.ActiveCfg = Release|Any CPU
		{6C55B776-26D4-4DB3-A6AB-87E783B2F3D1}.Release|Any CPU.Build.0 = Release|Any CPU
		{6C55B776-26D4-4DB3-A6AB-87E783B2F3D1}.Release|Mixed Platforms.ActiveCfg = Release|Any CPU
		{6C55B776-26D4-4DB3-A6AB-87E783B2F3D1}.Release|Mixed Platforms.Build.0 = Release|Any CPU
		{6C55B776-26D4-4DB3-A6AB-87E783B2F3D1}.Release|x86.ActiveCfg = Release|Any CPU
		{F658A346-3514-4D78-8CC0-12B99AD3ED5B}.Debug|Any CPU.ActiveCfg = Debug|Any CPU
		{F658A346-3514-4D78-8CC0-12B99AD3ED5B}.Debug|Any CPU.Build.0 = Debug|Any CPU
		{F658A346-3514-4D78-8CC0-12B99AD3ED5B}.Debug|Mixed Platforms.ActiveCfg = Debug|Any CPU
		{F658A346-3514-4D78-8CC0-12B99AD3ED5B}.Debug|Mixed Platforms.Build.0 = Debug|Any CPU
		{F658A346-3514-4D78-8CC0-12B99AD3ED5B}.Debug|x86.ActiveCfg = Debug|Any CPU
		{F658A346-3514-4D78-8CC0-12B99AD3ED5B}.Release|Any CPU.ActiveCfg = Release|Any CPU
		{F658A346-3514-4D78-8CC0-12B99AD3ED5B}.Release|Any CPU.Build.0 = Release|Any CPU
		{F658A346-3514-4D78-8CC0-12B99AD3ED5B}.Release|Mixed Platforms.ActiveCfg = Release|Any CPU
		{F658A346-3514-4D78-8CC0-12B99AD3ED5B}.Release|Mixed Platforms.Build.0 = Release|Any CPU
		{F658A346-3514-4D78-8CC0-12B99AD3ED5B}.Release|x86.ActiveCfg = Release|Any CPU
		{9F35A6BC-F9FA-46DD-9D1E-36EC665215EA}.Debug|Any CPU.ActiveCfg = Debug|Any CPU
		{9F35A6BC-F9FA-46DD-9D1E-36EC665215EA}.Debug|Any CPU.Build.0 = Debug|Any CPU
		{9F35A6BC-F9FA-46DD-9D1E-36EC665215EA}.Debug|Mixed Platforms.ActiveCfg = Debug|Any CPU
		{9F35A6BC-F9FA-46DD-9D1E-36EC665215EA}.Debug|Mixed Platforms.Build.0 = Debug|Any CPU
		{9F35A6BC-F9FA-46DD-9D1E-36EC665215EA}.Debug|x86.ActiveCfg = Debug|Any CPU
		{9F35A6BC-F9FA-46DD-9D1E-36EC665215EA}.Release|Any CPU.ActiveCfg = Release|Any CPU
		{9F35A6BC-F9FA-46DD-9D1E-36EC665215EA}.Release|Any CPU.Build.0 = Release|Any CPU
		{9F35A6BC-F9FA-46DD-9D1E-36EC665215EA}.Release|Mixed Platforms.ActiveCfg = Release|Any CPU
		{9F35A6BC-F9FA-46DD-9D1E-36EC665215EA}.Release|Mixed Platforms.Build.0 = Release|Any CPU
		{9F35A6BC-F9FA-46DD-9D1E-36EC665215EA}.Release|x86.ActiveCfg = Release|Any CPU
		{92687E6D-D903-4EFB-80B1-E38C1D07663E}.Debug|Any CPU.ActiveCfg = Debug|Any CPU
		{92687E6D-D903-4EFB-80B1-E38C1D07663E}.Debug|Any CPU.Build.0 = Debug|Any CPU
		{92687E6D-D903-4EFB-80B1-E38C1D07663E}.Debug|Mixed Platforms.ActiveCfg = Debug|Any CPU
		{92687E6D-D903-4EFB-80B1-E38C1D07663E}.Debug|Mixed Platforms.Build.0 = Debug|Any CPU
		{92687E6D-D903-4EFB-80B1-E38C1D07663E}.Debug|x86.ActiveCfg = Debug|Any CPU
		{92687E6D-D903-4EFB-80B1-E38C1D07663E}.Release|Any CPU.ActiveCfg = Release|Any CPU
		{92687E6D-D903-4EFB-80B1-E38C1D07663E}.Release|Any CPU.Build.0 = Release|Any CPU
		{92687E6D-D903-4EFB-80B1-E38C1D07663E}.Release|Mixed Platforms.ActiveCfg = Release|Any CPU
		{92687E6D-D903-4EFB-80B1-E38C1D07663E}.Release|Mixed Platforms.Build.0 = Release|Any CPU
		{92687E6D-D903-4EFB-80B1-E38C1D07663E}.Release|x86.ActiveCfg = Release|Any CPU
		{DFACD34A-B3D0-4C45-BE90-ABBFF75979C9}.Debug|Any CPU.ActiveCfg = Debug|Any CPU
		{DFACD34A-B3D0-4C45-BE90-ABBFF75979C9}.Debug|Any CPU.Build.0 = Debug|Any CPU
		{DFACD34A-B3D0-4C45-BE90-ABBFF75979C9}.Debug|Mixed Platforms.ActiveCfg = Debug|Any CPU
		{DFACD34A-B3D0-4C45-BE90-ABBFF75979C9}.Debug|Mixed Platforms.Build.0 = Debug|Any CPU
		{DFACD34A-B3D0-4C45-BE90-ABBFF75979C9}.Debug|x86.ActiveCfg = Debug|Any CPU
		{DFACD34A-B3D0-4C45-BE90-ABBFF75979C9}.Release|Any CPU.ActiveCfg = Release|Any CPU
		{DFACD34A-B3D0-4C45-BE90-ABBFF75979C9}.Release|Any CPU.Build.0 = Release|Any CPU
		{DFACD34A-B3D0-4C45-BE90-ABBFF75979C9}.Release|Mixed Platforms.ActiveCfg = Release|Any CPU
		{DFACD34A-B3D0-4C45-BE90-ABBFF75979C9}.Release|Mixed Platforms.Build.0 = Release|Any CPU
		{DFACD34A-B3D0-4C45-BE90-ABBFF75979C9}.Release|x86.ActiveCfg = Release|Any CPU
		{F4EDAA4B-E8B9-4520-A76F-C70551197218}.Debug|Any CPU.ActiveCfg = Debug|Any CPU
		{F4EDAA4B-E8B9-4520-A76F-C70551197218}.Debug|Any CPU.Build.0 = Debug|Any CPU
		{F4EDAA4B-E8B9-4520-A76F-C70551197218}.Debug|Mixed Platforms.ActiveCfg = Debug|Any CPU
		{F4EDAA4B-E8B9-4520-A76F-C70551197218}.Debug|Mixed Platforms.Build.0 = Debug|Any CPU
		{F4EDAA4B-E8B9-4520-A76F-C70551197218}.Debug|x86.ActiveCfg = Debug|Any CPU
		{F4EDAA4B-E8B9-4520-A76F-C70551197218}.Release|Any CPU.ActiveCfg = Release|Any CPU
		{F4EDAA4B-E8B9-4520-A76F-C70551197218}.Release|Any CPU.Build.0 = Release|Any CPU
		{F4EDAA4B-E8B9-4520-A76F-C70551197218}.Release|Mixed Platforms.ActiveCfg = Release|Any CPU
		{F4EDAA4B-E8B9-4520-A76F-C70551197218}.Release|Mixed Platforms.Build.0 = Release|Any CPU
		{F4EDAA4B-E8B9-4520-A76F-C70551197218}.Release|x86.ActiveCfg = Release|Any CPU
		{6E029912-02FE-42C3-BE64-34DF20674131}.Debug|Any CPU.ActiveCfg = Debug|Any CPU
		{6E029912-02FE-42C3-BE64-34DF20674131}.Debug|Any CPU.Build.0 = Debug|Any CPU
		{6E029912-02FE-42C3-BE64-34DF20674131}.Debug|Mixed Platforms.ActiveCfg = Debug|Any CPU
		{6E029912-02FE-42C3-BE64-34DF20674131}.Debug|Mixed Platforms.Build.0 = Debug|Any CPU
		{6E029912-02FE-42C3-BE64-34DF20674131}.Debug|x86.ActiveCfg = Debug|Any CPU
		{6E029912-02FE-42C3-BE64-34DF20674131}.Release|Any CPU.ActiveCfg = Release|Any CPU
		{6E029912-02FE-42C3-BE64-34DF20674131}.Release|Any CPU.Build.0 = Release|Any CPU
		{6E029912-02FE-42C3-BE64-34DF20674131}.Release|Mixed Platforms.ActiveCfg = Release|Any CPU
		{6E029912-02FE-42C3-BE64-34DF20674131}.Release|Mixed Platforms.Build.0 = Release|Any CPU
		{6E029912-02FE-42C3-BE64-34DF20674131}.Release|x86.ActiveCfg = Release|Any CPU
		{EC1F3A25-6AAA-43DF-BA7F-540133C0258A}.Debug|Any CPU.ActiveCfg = Debug|x86
		{EC1F3A25-6AAA-43DF-BA7F-540133C0258A}.Debug|Mixed Platforms.ActiveCfg = Debug|x86
		{EC1F3A25-6AAA-43DF-BA7F-540133C0258A}.Debug|Mixed Platforms.Build.0 = Debug|x86
		{EC1F3A25-6AAA-43DF-BA7F-540133C0258A}.Debug|x86.ActiveCfg = Debug|x86
		{EC1F3A25-6AAA-43DF-BA7F-540133C0258A}.Debug|x86.Build.0 = Debug|x86
		{EC1F3A25-6AAA-43DF-BA7F-540133C0258A}.Release|Any CPU.ActiveCfg = Release|x86
		{EC1F3A25-6AAA-43DF-BA7F-540133C0258A}.Release|Mixed Platforms.ActiveCfg = Release|x86
		{EC1F3A25-6AAA-43DF-BA7F-540133C0258A}.Release|Mixed Platforms.Build.0 = Release|x86
		{EC1F3A25-6AAA-43DF-BA7F-540133C0258A}.Release|x86.ActiveCfg = Release|x86
		{EC1F3A25-6AAA-43DF-BA7F-540133C0258A}.Release|x86.Build.0 = Release|x86
		{5C5031E6-C6A4-4D8F-A473-CDB08DB8E282}.Debug|Any CPU.ActiveCfg = Debug|Any CPU
		{5C5031E6-C6A4-4D8F-A473-CDB08DB8E282}.Debug|Any CPU.Build.0 = Debug|Any CPU
		{5C5031E6-C6A4-4D8F-A473-CDB08DB8E282}.Debug|Mixed Platforms.ActiveCfg = Debug|Any CPU
		{5C5031E6-C6A4-4D8F-A473-CDB08DB8E282}.Debug|Mixed Platforms.Build.0 = Debug|Any CPU
		{5C5031E6-C6A4-4D8F-A473-CDB08DB8E282}.Debug|x86.ActiveCfg = Debug|Any CPU
		{5C5031E6-C6A4-4D8F-A473-CDB08DB8E282}.Release|Any CPU.ActiveCfg = Release|Any CPU
		{5C5031E6-C6A4-4D8F-A473-CDB08DB8E282}.Release|Any CPU.Build.0 = Release|Any CPU
		{5C5031E6-C6A4-4D8F-A473-CDB08DB8E282}.Release|Mixed Platforms.ActiveCfg = Release|Any CPU
		{5C5031E6-C6A4-4D8F-A473-CDB08DB8E282}.Release|Mixed Platforms.Build.0 = Release|Any CPU
		{5C5031E6-C6A4-4D8F-A473-CDB08DB8E282}.Release|x86.ActiveCfg = Release|Any CPU
		{59FAD24F-15FE-4A5F-B5DE-0E8ADBDF14D7}.Debug|Any CPU.ActiveCfg = Debug|Any CPU
		{59FAD24F-15FE-4A5F-B5DE-0E8ADBDF14D7}.Debug|Any CPU.Build.0 = Debug|Any CPU
		{59FAD24F-15FE-4A5F-B5DE-0E8ADBDF14D7}.Debug|Mixed Platforms.ActiveCfg = Debug|Any CPU
		{59FAD24F-15FE-4A5F-B5DE-0E8ADBDF14D7}.Debug|Mixed Platforms.Build.0 = Debug|Any CPU
		{59FAD24F-15FE-4A5F-B5DE-0E8ADBDF14D7}.Debug|x86.ActiveCfg = Debug|Any CPU
		{59FAD24F-15FE-4A5F-B5DE-0E8ADBDF14D7}.Release|Any CPU.ActiveCfg = Release|Any CPU
		{59FAD24F-15FE-4A5F-B5DE-0E8ADBDF14D7}.Release|Any CPU.Build.0 = Release|Any CPU
		{59FAD24F-15FE-4A5F-B5DE-0E8ADBDF14D7}.Release|Mixed Platforms.ActiveCfg = Release|Any CPU
		{59FAD24F-15FE-4A5F-B5DE-0E8ADBDF14D7}.Release|Mixed Platforms.Build.0 = Release|Any CPU
		{59FAD24F-15FE-4A5F-B5DE-0E8ADBDF14D7}.Release|x86.ActiveCfg = Release|Any CPU
		{EA929451-8342-492C-8C16-6E4B15355E7C}.Debug|Any CPU.ActiveCfg = Debug|Any CPU
		{EA929451-8342-492C-8C16-6E4B15355E7C}.Debug|Any CPU.Build.0 = Debug|Any CPU
		{EA929451-8342-492C-8C16-6E4B15355E7C}.Debug|Mixed Platforms.ActiveCfg = Debug|Any CPU
		{EA929451-8342-492C-8C16-6E4B15355E7C}.Debug|Mixed Platforms.Build.0 = Debug|Any CPU
		{EA929451-8342-492C-8C16-6E4B15355E7C}.Debug|x86.ActiveCfg = Debug|Any CPU
		{EA929451-8342-492C-8C16-6E4B15355E7C}.Release|Any CPU.ActiveCfg = Release|Any CPU
		{EA929451-8342-492C-8C16-6E4B15355E7C}.Release|Any CPU.Build.0 = Release|Any CPU
		{EA929451-8342-492C-8C16-6E4B15355E7C}.Release|Mixed Platforms.ActiveCfg = Release|Any CPU
		{EA929451-8342-492C-8C16-6E4B15355E7C}.Release|Mixed Platforms.Build.0 = Release|Any CPU
		{EA929451-8342-492C-8C16-6E4B15355E7C}.Release|x86.ActiveCfg = Release|Any CPU
		{87E61430-4243-45F2-B74E-0A4C096CEBF3}.Debug|Any CPU.ActiveCfg = Debug|Any CPU
		{87E61430-4243-45F2-B74E-0A4C096CEBF3}.Debug|Any CPU.Build.0 = Debug|Any CPU
		{87E61430-4243-45F2-B74E-0A4C096CEBF3}.Debug|Mixed Platforms.ActiveCfg = Debug|Any CPU
		{87E61430-4243-45F2-B74E-0A4C096CEBF3}.Debug|Mixed Platforms.Build.0 = Debug|Any CPU
		{87E61430-4243-45F2-B74E-0A4C096CEBF3}.Debug|x86.ActiveCfg = Debug|Any CPU
		{87E61430-4243-45F2-B74E-0A4C096CEBF3}.Release|Any CPU.ActiveCfg = Release|Any CPU
		{87E61430-4243-45F2-B74E-0A4C096CEBF3}.Release|Any CPU.Build.0 = Release|Any CPU
		{87E61430-4243-45F2-B74E-0A4C096CEBF3}.Release|Mixed Platforms.ActiveCfg = Release|Any CPU
		{87E61430-4243-45F2-B74E-0A4C096CEBF3}.Release|Mixed Platforms.Build.0 = Release|Any CPU
		{87E61430-4243-45F2-B74E-0A4C096CEBF3}.Release|x86.ActiveCfg = Release|Any CPU
		{3836F4A8-4B35-4F5E-BB0F-DAD374297525}.Debug|Any CPU.ActiveCfg = Debug|Any CPU
		{3836F4A8-4B35-4F5E-BB0F-DAD374297525}.Debug|Any CPU.Build.0 = Debug|Any CPU
		{3836F4A8-4B35-4F5E-BB0F-DAD374297525}.Debug|Mixed Platforms.ActiveCfg = Debug|Any CPU
		{3836F4A8-4B35-4F5E-BB0F-DAD374297525}.Debug|Mixed Platforms.Build.0 = Debug|Any CPU
		{3836F4A8-4B35-4F5E-BB0F-DAD374297525}.Debug|x86.ActiveCfg = Debug|Any CPU
		{3836F4A8-4B35-4F5E-BB0F-DAD374297525}.Release|Any CPU.ActiveCfg = Release|Any CPU
		{3836F4A8-4B35-4F5E-BB0F-DAD374297525}.Release|Any CPU.Build.0 = Release|Any CPU
		{3836F4A8-4B35-4F5E-BB0F-DAD374297525}.Release|Mixed Platforms.ActiveCfg = Release|Any CPU
		{3836F4A8-4B35-4F5E-BB0F-DAD374297525}.Release|Mixed Platforms.Build.0 = Release|Any CPU
		{3836F4A8-4B35-4F5E-BB0F-DAD374297525}.Release|x86.ActiveCfg = Release|Any CPU
		{CD3CD636-D63E-4BD5-9FE9-2B63DA6F0616}.Debug|Any CPU.ActiveCfg = Debug|Any CPU
		{CD3CD636-D63E-4BD5-9FE9-2B63DA6F0616}.Debug|Any CPU.Build.0 = Debug|Any CPU
		{CD3CD636-D63E-4BD5-9FE9-2B63DA6F0616}.Debug|Mixed Platforms.ActiveCfg = Debug|Any CPU
		{CD3CD636-D63E-4BD5-9FE9-2B63DA6F0616}.Debug|Mixed Platforms.Build.0 = Debug|Any CPU
		{CD3CD636-D63E-4BD5-9FE9-2B63DA6F0616}.Debug|x86.ActiveCfg = Debug|Any CPU
		{CD3CD636-D63E-4BD5-9FE9-2B63DA6F0616}.Release|Any CPU.ActiveCfg = Release|Any CPU
		{CD3CD636-D63E-4BD5-9FE9-2B63DA6F0616}.Release|Any CPU.Build.0 = Release|Any CPU
		{CD3CD636-D63E-4BD5-9FE9-2B63DA6F0616}.Release|Mixed Platforms.ActiveCfg = Release|Any CPU
		{CD3CD636-D63E-4BD5-9FE9-2B63DA6F0616}.Release|Mixed Platforms.Build.0 = Release|Any CPU
		{CD3CD636-D63E-4BD5-9FE9-2B63DA6F0616}.Release|x86.ActiveCfg = Release|Any CPU
		{BD6BBDD3-6D8D-47B5-8828-B9F38174FD0D}.Debug|Any CPU.ActiveCfg = Debug|x86
		{BD6BBDD3-6D8D-47B5-8828-B9F38174FD0D}.Debug|Mixed Platforms.ActiveCfg = Debug|x86
		{BD6BBDD3-6D8D-47B5-8828-B9F38174FD0D}.Debug|Mixed Platforms.Build.0 = Debug|x86
		{BD6BBDD3-6D8D-47B5-8828-B9F38174FD0D}.Debug|x86.ActiveCfg = Debug|x86
		{BD6BBDD3-6D8D-47B5-8828-B9F38174FD0D}.Debug|x86.Build.0 = Debug|x86
		{BD6BBDD3-6D8D-47B5-8828-B9F38174FD0D}.Release|Any CPU.ActiveCfg = Release|x86
		{BD6BBDD3-6D8D-47B5-8828-B9F38174FD0D}.Release|Mixed Platforms.ActiveCfg = Release|x86
		{BD6BBDD3-6D8D-47B5-8828-B9F38174FD0D}.Release|Mixed Platforms.Build.0 = Release|x86
		{BD6BBDD3-6D8D-47B5-8828-B9F38174FD0D}.Release|x86.ActiveCfg = Release|x86
		{BD6BBDD3-6D8D-47B5-8828-B9F38174FD0D}.Release|x86.Build.0 = Release|x86
	EndGlobalSection
	GlobalSection(SolutionProperties) = preSolution
		HideSolutionNode = FALSE
	EndGlobalSection
	GlobalSection(NestedProjects) = preSolution
		{FF690B2A-6759-4FEE-87CD-FA9C8FCE49A5} = {8FFA24ED-9875-4EDC-9969-39CDF6BD4256}
		{BCE2429C-31EB-4186-A73C-FA31489E8202} = {8FFA24ED-9875-4EDC-9969-39CDF6BD4256}
		{6E029912-02FE-42C3-BE64-34DF20674131} = {8FFA24ED-9875-4EDC-9969-39CDF6BD4256}
		{E2C4B43B-BCCF-4304-AB71-0094090398E2} = {8FFA24ED-9875-4EDC-9969-39CDF6BD4256}
		{CD3CD636-D63E-4BD5-9FE9-2B63DA6F0616} = {8FFA24ED-9875-4EDC-9969-39CDF6BD4256}
		{6C55B776-26D4-4DB3-A6AB-87E783B2F3D1} = {FF690B2A-6759-4FEE-87CD-FA9C8FCE49A5}
		{92687E6D-D903-4EFB-80B1-E38C1D07663E} = {BCE2429C-31EB-4186-A73C-FA31489E8202}
		{EC1F3A25-6AAA-43DF-BA7F-540133C0258A} = {F20F8A0B-B54D-4CD7-BFE3-B5B2C4E87221}
		{5C5031E6-C6A4-4D8F-A473-CDB08DB8E282} = {E2C4B43B-BCCF-4304-AB71-0094090398E2}
		{59FAD24F-15FE-4A5F-B5DE-0E8ADBDF14D7} = {E2C4B43B-BCCF-4304-AB71-0094090398E2}
		{EA929451-8342-492C-8C16-6E4B15355E7C} = {E2C4B43B-BCCF-4304-AB71-0094090398E2}
		{87E61430-4243-45F2-B74E-0A4C096CEBF3} = {E2C4B43B-BCCF-4304-AB71-0094090398E2}
		{3836F4A8-4B35-4F5E-BB0F-DAD374297525} = {E2C4B43B-BCCF-4304-AB71-0094090398E2}
	EndGlobalSection
EndGlobal
